
Microsoft Visual Studio Solution File, Format Version 12.00
# Visual Studio Version 17
VisualStudioVersion = 17.14.36221.1
MinimumVisualStudioVersion = 10.0.40219.1
Project("{2150E333-8FDC-42A3-9474-1A3956D46DE8}") = "src", "src", "{02EA681E-C7D8-13C7-8484-4AC65E1B71E8}"
EndProject
Project("{2150E333-8FDC-42A3-9474-1A3956D46DE8}") = "tests", "tests", "{F6B87102-428D-4C81-BD5C-171EAD6217F4}"
EndProject
Project("{FAE04EC0-301F-11D3-BF4B-00C04F79EFBC}") = "NavQurt.Server.Web.Tests", "tests\NavQurt.Server.Web.Tests\NavQurt.Server.Web.Tests.csproj", "{FB49E06E-DDC2-4440-9740-B1B2B4183DB7}"
EndProject
Project("{FAE04EC0-301F-11D3-BF4B-00C04F79EFBC}") = "NavQurt.Server.Web", "src\NavQurt.Server.Web\NavQurt.Server.Web.csproj", "{226F622D-4690-4124-B12E-5CD5B0CAE0E4}"
EndProject
Project("{FAE04EC0-301F-11D3-BF4B-00C04F79EFBC}") = "NavQurt.Server.Core", "src\NavQurt.Server.Core\NavQurt.Server.Core.csproj", "{CB0289FE-8FB9-4465-99AF-88C3CF23F4C5}"
EndProject
Project("{FAE04EC0-301F-11D3-BF4B-00C04F79EFBC}") = "NavQurt.Server.Infrastructure", "src\NavQurt.Server.Infrastructure\NavQurt.Server.Infrastructure.csproj", "{E5DF5B7E-3AE7-4721-8E3B-A87DC9C6771B}"
EndProject
Project("{FAE04EC0-301F-11D3-BF4B-00C04F79EFBC}") = "NavQurt.Server.Application", "src\NavQurt.Server.Application\NavQurt.Server.Application.csproj", "{096F3769-5F38-4886-8A47-4C287B8F1CC9}"
EndProject
Project("{FAE04EC0-301F-11D3-BF4B-00C04F79EFBC}") = "NavQurt.Server.Web.Shared", "src\NavQurt.Server.Web.Shared\NavQurt.Server.Web.Shared.csproj", "{498FB741-D00C-4CFA-9304-B4E22535716C}"
EndProject
Project("{2150E333-8FDC-42A3-9474-1A3956D46DE8}") = "app", "app", "{16A631C4-9FC5-4C45-9F3A-FD77B7D5F9A9}"
EndProject
Project("{FAE04EC0-301F-11D3-BF4B-00C04F79EFBC}") = "NavQurt.Server.App", "app\NavQurt.Server.App\NavQurt.Server.App.csproj", "{7E4D3A53-E30D-4DDF-9F3C-E6013BDD2B78}"
EndProject
Project("{FAE04EC0-301F-11D3-BF4B-00C04F79EFBC}") = "NavQurt.Server.Sms", "src\NavQurt.Server.Sms\NavQurt.Server.Sms.csproj", "{100E489D-BDC8-4FE7-B3CD-DE2BCBE71F8C}"
EndProject
Project("{FAE04EC0-301F-11D3-BF4B-00C04F79EFBC}") = "NavQurt.Web.Service", "src\NavQurt.Web.Service\NavQurt.Web.Service.csproj", "{89C12E73-4DB4-4FC4-9F08-A1FD8E52B0E2}"
EndProject
Project("{FAE04EC0-301F-11D3-BF4B-00C04F79EFBC}") = "NavQurt.Web.Contracts", "src\NavQurt.Web.Contracts\NavQurt.Web.Contracts.csproj", "{8401E0F3-82D2-41AC-A5DC-3C2F9596042B}"
EndProject
Global
	GlobalSection(SolutionConfigurationPlatforms) = preSolution
		Debug|Any CPU = Debug|Any CPU
		Release|Any CPU = Release|Any CPU
	EndGlobalSection
	GlobalSection(ProjectConfigurationPlatforms) = postSolution
		{FB49E06E-DDC2-4440-9740-B1B2B4183DB7}.Debug|Any CPU.ActiveCfg = Debug|Any CPU
		{FB49E06E-DDC2-4440-9740-B1B2B4183DB7}.Debug|Any CPU.Build.0 = Debug|Any CPU
		{FB49E06E-DDC2-4440-9740-B1B2B4183DB7}.Release|Any CPU.ActiveCfg = Release|Any CPU
		{FB49E06E-DDC2-4440-9740-B1B2B4183DB7}.Release|Any CPU.Build.0 = Release|Any CPU
		{226F622D-4690-4124-B12E-5CD5B0CAE0E4}.Debug|Any CPU.ActiveCfg = Debug|Any CPU
		{226F622D-4690-4124-B12E-5CD5B0CAE0E4}.Debug|Any CPU.Build.0 = Debug|Any CPU
		{226F622D-4690-4124-B12E-5CD5B0CAE0E4}.Release|Any CPU.ActiveCfg = Release|Any CPU
		{226F622D-4690-4124-B12E-5CD5B0CAE0E4}.Release|Any CPU.Build.0 = Release|Any CPU
		{CB0289FE-8FB9-4465-99AF-88C3CF23F4C5}.Debug|Any CPU.ActiveCfg = Debug|Any CPU
		{CB0289FE-8FB9-4465-99AF-88C3CF23F4C5}.Debug|Any CPU.Build.0 = Debug|Any CPU
		{CB0289FE-8FB9-4465-99AF-88C3CF23F4C5}.Release|Any CPU.ActiveCfg = Release|Any CPU
		{CB0289FE-8FB9-4465-99AF-88C3CF23F4C5}.Release|Any CPU.Build.0 = Release|Any CPU
		{E5DF5B7E-3AE7-4721-8E3B-A87DC9C6771B}.Debug|Any CPU.ActiveCfg = Debug|Any CPU
		{E5DF5B7E-3AE7-4721-8E3B-A87DC9C6771B}.Debug|Any CPU.Build.0 = Debug|Any CPU
		{E5DF5B7E-3AE7-4721-8E3B-A87DC9C6771B}.Release|Any CPU.ActiveCfg = Release|Any CPU
		{E5DF5B7E-3AE7-4721-8E3B-A87DC9C6771B}.Release|Any CPU.Build.0 = Release|Any CPU
		{096F3769-5F38-4886-8A47-4C287B8F1CC9}.Debug|Any CPU.ActiveCfg = Debug|Any CPU
		{096F3769-5F38-4886-8A47-4C287B8F1CC9}.Debug|Any CPU.Build.0 = Debug|Any CPU
		{096F3769-5F38-4886-8A47-4C287B8F1CC9}.Release|Any CPU.ActiveCfg = Release|Any CPU
		{096F3769-5F38-4886-8A47-4C287B8F1CC9}.Release|Any CPU.Build.0 = Release|Any CPU
		{498FB741-D00C-4CFA-9304-B4E22535716C}.Debug|Any CPU.ActiveCfg = Debug|Any CPU
		{498FB741-D00C-4CFA-9304-B4E22535716C}.Debug|Any CPU.Build.0 = Debug|Any CPU
		{498FB741-D00C-4CFA-9304-B4E22535716C}.Release|Any CPU.ActiveCfg = Release|Any CPU
		{498FB741-D00C-4CFA-9304-B4E22535716C}.Release|Any CPU.Build.0 = Release|Any CPU
		{7E4D3A53-E30D-4DDF-9F3C-E6013BDD2B78}.Debug|Any CPU.ActiveCfg = Debug|Any CPU
		{7E4D3A53-E30D-4DDF-9F3C-E6013BDD2B78}.Debug|Any CPU.Build.0 = Debug|Any CPU
		{7E4D3A53-E30D-4DDF-9F3C-E6013BDD2B78}.Debug|Any CPU.Deploy.0 = Debug|Any CPU
		{7E4D3A53-E30D-4DDF-9F3C-E6013BDD2B78}.Release|Any CPU.ActiveCfg = Release|Any CPU
		{7E4D3A53-E30D-4DDF-9F3C-E6013BDD2B78}.Release|Any CPU.Build.0 = Release|Any CPU
		{7E4D3A53-E30D-4DDF-9F3C-E6013BDD2B78}.Release|Any CPU.Deploy.0 = Release|Any CPU
		{100E489D-BDC8-4FE7-B3CD-DE2BCBE71F8C}.Debug|Any CPU.ActiveCfg = Debug|Any CPU
		{100E489D-BDC8-4FE7-B3CD-DE2BCBE71F8C}.Debug|Any CPU.Build.0 = Debug|Any CPU
		{100E489D-BDC8-4FE7-B3CD-DE2BCBE71F8C}.Release|Any CPU.ActiveCfg = Release|Any CPU
		{100E489D-BDC8-4FE7-B3CD-DE2BCBE71F8C}.Release|Any CPU.Build.0 = Release|Any CPU
		{89C12E73-4DB4-4FC4-9F08-A1FD8E52B0E2}.Debug|Any CPU.ActiveCfg = Debug|Any CPU
		{89C12E73-4DB4-4FC4-9F08-A1FD8E52B0E2}.Debug|Any CPU.Build.0 = Debug|Any CPU
		{89C12E73-4DB4-4FC4-9F08-A1FD8E52B0E2}.Release|Any CPU.ActiveCfg = Release|Any CPU
		{89C12E73-4DB4-4FC4-9F08-A1FD8E52B0E2}.Release|Any CPU.Build.0 = Release|Any CPU
		{8401E0F3-82D2-41AC-A5DC-3C2F9596042B}.Debug|Any CPU.ActiveCfg = Debug|Any CPU
		{8401E0F3-82D2-41AC-A5DC-3C2F9596042B}.Debug|Any CPU.Build.0 = Debug|Any CPU
		{8401E0F3-82D2-41AC-A5DC-3C2F9596042B}.Release|Any CPU.ActiveCfg = Release|Any CPU
		{8401E0F3-82D2-41AC-A5DC-3C2F9596042B}.Release|Any CPU.Build.0 = Release|Any CPU
	EndGlobalSection
	GlobalSection(SolutionProperties) = preSolution
		HideSolutionNode = FALSE
	EndGlobalSection
	GlobalSection(NestedProjects) = preSolution
		{FB49E06E-DDC2-4440-9740-B1B2B4183DB7} = {F6B87102-428D-4C81-BD5C-171EAD6217F4}
		{226F622D-4690-4124-B12E-5CD5B0CAE0E4} = {02EA681E-C7D8-13C7-8484-4AC65E1B71E8}
		{CB0289FE-8FB9-4465-99AF-88C3CF23F4C5} = {02EA681E-C7D8-13C7-8484-4AC65E1B71E8}
		{E5DF5B7E-3AE7-4721-8E3B-A87DC9C6771B} = {02EA681E-C7D8-13C7-8484-4AC65E1B71E8}
		{096F3769-5F38-4886-8A47-4C287B8F1CC9} = {02EA681E-C7D8-13C7-8484-4AC65E1B71E8}
		{498FB741-D00C-4CFA-9304-B4E22535716C} = {02EA681E-C7D8-13C7-8484-4AC65E1B71E8}
		{7E4D3A53-E30D-4DDF-9F3C-E6013BDD2B78} = {16A631C4-9FC5-4C45-9F3A-FD77B7D5F9A9}
		{100E489D-BDC8-4FE7-B3CD-DE2BCBE71F8C} = {02EA681E-C7D8-13C7-8484-4AC65E1B71E8}
		{89C12E73-4DB4-4FC4-9F08-A1FD8E52B0E2} = {02EA681E-C7D8-13C7-8484-4AC65E1B71E8}
		{8401E0F3-82D2-41AC-A5DC-3C2F9596042B} = {02EA681E-C7D8-13C7-8484-4AC65E1B71E8}
	EndGlobalSection
	GlobalSection(ExtensibilityGlobals) = postSolution
		SolutionGuid = {D31C63B7-BA75-45F2-8588-EF761085DDA0}
	EndGlobalSection
EndGlobal
